
Microsoft Visual Studio Solution File, Format Version 12.00
# Visual Studio Version 17
VisualStudioVersion = 17.1.32328.378
MinimumVisualStudioVersion = 10.0.40219.1
Project("{FAE04EC0-301F-11D3-BF4B-00C04F79EFBC}") = "NET6Base.API", "NET6Base.API.csproj", "{F2D340D7-2BA0-47EE-9FE0-9ED49FB8F185}"
EndProject
Global
	GlobalSection(SolutionConfigurationPlatforms) = preSolution
		Debug|Any CPU = Debug|Any CPU
		Release|Any CPU = Release|Any CPU
	EndGlobalSection
	GlobalSection(ProjectConfigurationPlatforms) = postSolution
		{F2D340D7-2BA0-47EE-9FE0-9ED49FB8F185}.Debug|Any CPU.ActiveCfg = Debug|Any CPU
		{F2D340D7-2BA0-47EE-9FE0-9ED49FB8F185}.Debug|Any CPU.Build.0 = Debug|Any CPU
		{F2D340D7-2BA0-47EE-9FE0-9ED49FB8F185}.Release|Any CPU.ActiveCfg = Release|Any CPU
		{F2D340D7-2BA0-47EE-9FE0-9ED49FB8F185}.Release|Any CPU.Build.0 = Release|Any CPU
	EndGlobalSection
	GlobalSection(SolutionProperties) = preSolution
		HideSolutionNode = FALSE
	EndGlobalSection
	GlobalSection(ExtensibilityGlobals) = postSolution
		SolutionGuid = {42FD5BD4-BFD8-40BE-B127-CC1B15DF63AD}
	EndGlobalSection
EndGlobal
